
Microsoft Visual Studio Solution File, Format Version 12.00
# Visual Studio 15
VisualStudioVersion = 15.0.27703.2042
MinimumVisualStudioVersion = 10.0.40219.1
Project("{FAE04EC0-301F-11D3-BF4B-00C04F79EFBC}") = "ParallelLesson", "ParallelLesson\ParallelLesson.csproj", "{12B0B97B-F717-40A5-9852-C24396809541}"
EndProject
Global
	GlobalSection(SolutionConfigurationPlatforms) = preSolution
		Debug|Any CPU = Debug|Any CPU
		Release|Any CPU = Release|Any CPU
	EndGlobalSection
	GlobalSection(ProjectConfigurationPlatforms) = postSolution
		{12B0B97B-F717-40A5-9852-C24396809541}.Debug|Any CPU.ActiveCfg = Debug|Any CPU
		{12B0B97B-F717-40A5-9852-C24396809541}.Debug|Any CPU.Build.0 = Debug|Any CPU
		{12B0B97B-F717-40A5-9852-C24396809541}.Release|Any CPU.ActiveCfg = Release|Any CPU
		{12B0B97B-F717-40A5-9852-C24396809541}.Release|Any CPU.Build.0 = Release|Any CPU
	EndGlobalSection
	GlobalSection(SolutionProperties) = preSolution
		HideSolutionNode = FALSE
	EndGlobalSection
	GlobalSection(ExtensibilityGlobals) = postSolution
		SolutionGuid = {7B8ED0A2-550D-4118-95CF-F1760E536C77}
	EndGlobalSection
EndGlobal
